
Microsoft Visual Studio Solution File, Format Version 12.00
# Visual Studio Version 17
VisualStudioVersion = 17.1.32421.90
MinimumVisualStudioVersion = 10.0.40219.1
Project("{FAE04EC0-301F-11D3-BF4B-00C04F79EFBC}") = "newGame", "newGame.csproj", "{D398D18B-F0F0-441C-8DF7-542B8B0D82B7}"
EndProject
Global
	GlobalSection(SolutionConfigurationPlatforms) = preSolution
		Debug|Any CPU = Debug|Any CPU
		Release|Any CPU = Release|Any CPU
	EndGlobalSection
	GlobalSection(ProjectConfigurationPlatforms) = postSolution
		{D398D18B-F0F0-441C-8DF7-542B8B0D82B7}.Debug|Any CPU.ActiveCfg = Debug|Any CPU
		{D398D18B-F0F0-441C-8DF7-542B8B0D82B7}.Debug|Any CPU.Build.0 = Debug|Any CPU
		{D398D18B-F0F0-441C-8DF7-542B8B0D82B7}.Release|Any CPU.ActiveCfg = Release|Any CPU
		{D398D18B-F0F0-441C-8DF7-542B8B0D82B7}.Release|Any CPU.Build.0 = Release|Any CPU
	EndGlobalSection
	GlobalSection(SolutionProperties) = preSolution
		HideSolutionNode = FALSE
	EndGlobalSection
	GlobalSection(ExtensibilityGlobals) = postSolution
		SolutionGuid = {3BD8B583-BF2B-42B7-A9AD-59EDF19E974F}
	EndGlobalSection
EndGlobal
